
Microsoft Visual Studio Solution File, Format Version 12.00
# Visual Studio Version 17
VisualStudioVersion = 17.6.33829.357
MinimumVisualStudioVersion = 10.0.40219.1
Project("{FAE04EC0-301F-11D3-BF4B-00C04F79EFBC}") = "GreetingApp", "GreetingApp\GreetingApp.csproj", "{1EBFBB0C-B2C4-4B50-9988-E6E838693BE1}"
EndProject
Global
	GlobalSection(SolutionConfigurationPlatforms) = preSolution
		Debug|Any CPU = Debug|Any CPU
		Release|Any CPU = Release|Any CPU
	EndGlobalSection
	GlobalSection(ProjectConfigurationPlatforms) = postSolution
		{1EBFBB0C-B2C4-4B50-9988-E6E838693BE1}.Debug|Any CPU.ActiveCfg = Debug|Any CPU
		{1EBFBB0C-B2C4-4B50-9988-E6E838693BE1}.Debug|Any CPU.Build.0 = Debug|Any CPU
		{1EBFBB0C-B2C4-4B50-9988-E6E838693BE1}.Release|Any CPU.ActiveCfg = Release|Any CPU
		{1EBFBB0C-B2C4-4B50-9988-E6E838693BE1}.Release|Any CPU.Build.0 = Release|Any CPU
	EndGlobalSection
	GlobalSection(SolutionProperties) = preSolution
		HideSolutionNode = FALSE
	EndGlobalSection
	GlobalSection(ExtensibilityGlobals) = postSolution
		SolutionGuid = {E30540A9-DA86-4757-BC00-8CE6FE0EA3E7}
	EndGlobalSection
EndGlobal
